// !$*UTF8*$!
{
	archiveVersion = 1;
	classes = {
	};
	objectVersion = 50;
	objects = {

/* Begin PBXBuildFile section */
		C7091D3F239F7AC50024625D /* AppDelegate.swift in Sources */ = {isa = PBXBuildFile; fileRef = C7091D3E239F7AC50024625D /* AppDelegate.swift */; };
		C7091D41239F7AC50024625D /* SceneDelegate.swift in Sources */ = {isa = PBXBuildFile; fileRef = C7091D40239F7AC50024625D /* SceneDelegate.swift */; };
		C7091D43239F7AC50024625D /* BoardViewController.swift in Sources */ = {isa = PBXBuildFile; fileRef = C7091D42239F7AC50024625D /* BoardViewController.swift */; };
		C7091D46239F7AC50024625D /* Main.storyboard in Resources */ = {isa = PBXBuildFile; fileRef = C7091D44239F7AC50024625D /* Main.storyboard */; };
		C7091D48239F7AC70024625D /* Assets.xcassets in Resources */ = {isa = PBXBuildFile; fileRef = C7091D47239F7AC70024625D /* Assets.xcassets */; };
		C7091D4B239F7AC70024625D /* LaunchScreen.storyboard in Resources */ = {isa = PBXBuildFile; fileRef = C7091D49239F7AC70024625D /* LaunchScreen.storyboard */; };
		C7091D56239F92E80024625D /* SudokuGameManager.swift in Sources */ = {isa = PBXBuildFile; fileRef = C7091D55239F92E80024625D /* SudokuGameManager.swift */; };
		C7091D58239F94D20024625D /* Constants.swift in Sources */ = {isa = PBXBuildFile; fileRef = C7091D57239F94D20024625D /* Constants.swift */; };
		C76D1875258EE29700C65571 /* ResultsViewController.swift in Sources */ = {isa = PBXBuildFile; fileRef = C76D1874258EE29600C65571 /* ResultsViewController.swift */; };
		C7E951BB23A02CE700096FCD /* SudokuData.swift in Sources */ = {isa = PBXBuildFile; fileRef = C7E951BA23A02CE700096FCD /* SudokuData.swift */; };
		C7E951BD23A02FEA00096FCD /* SudokuCellModel.swift in Sources */ = {isa = PBXBuildFile; fileRef = C7E951BC23A02FEA00096FCD /* SudokuCellModel.swift */; };
/* End PBXBuildFile section */

/* Begin PBXFileReference section */
		C7091D3B239F7AC50024625D /* Sudoku.app */ = {isa = PBXFileReference; explicitFileType = wrapper.application; includeInIndex = 0; path = Sudoku.app; sourceTree = BUILT_PRODUCTS_DIR; };
		C7091D3E239F7AC50024625D /* AppDelegate.swift */ = {isa = PBXFileReference; lastKnownFileType = sourcecode.swift; path = AppDelegate.swift; sourceTree = "<group>"; };
		C7091D40239F7AC50024625D /* SceneDelegate.swift */ = {isa = PBXFileReference; lastKnownFileType = sourcecode.swift; path = SceneDelegate.swift; sourceTree = "<group>"; };
		C7091D42239F7AC50024625D /* BoardViewController.swift */ = {isa = PBXFileReference; lastKnownFileType = sourcecode.swift; path = BoardViewController.swift; sourceTree = "<group>"; };
		C7091D45239F7AC50024625D /* Base */ = {isa = PBXFileReference; lastKnownFileType = file.storyboard; name = Base; path = Base.lproj/Main.storyboard; sourceTree = "<group>"; };
		C7091D47239F7AC70024625D /* Assets.xcassets */ = {isa = PBXFileReference; lastKnownFileType = folder.assetcatalog; path = Assets.xcassets; sourceTree = "<group>"; };
		C7091D4A239F7AC70024625D /* Base */ = {isa = PBXFileReference; lastKnownFileType = file.storyboard; name = Base; path = Base.lproj/LaunchScreen.storyboard; sourceTree = "<group>"; };
		C7091D4C239F7AC70024625D /* Info.plist */ = {isa = PBXFileReference; lastKnownFileType = text.plist.xml; path = Info.plist; sourceTree = "<group>"; };
		C7091D55239F92E80024625D /* SudokuGameManager.swift */ = {isa = PBXFileReference; lastKnownFileType = sourcecode.swift; path = SudokuGameManager.swift; sourceTree = "<group>"; };
		C7091D57239F94D20024625D /* Constants.swift */ = {isa = PBXFileReference; lastKnownFileType = sourcecode.swift; path = Constants.swift; sourceTree = "<group>"; };
		C76D1874258EE29600C65571 /* ResultsViewController.swift */ = {isa = PBXFileReference; lastKnownFileType = sourcecode.swift; path = ResultsViewController.swift; sourceTree = "<group>"; };
		C7E951BA23A02CE700096FCD /* SudokuData.swift */ = {isa = PBXFileReference; lastKnownFileType = sourcecode.swift; path = SudokuData.swift; sourceTree = "<group>"; };
		C7E951BC23A02FEA00096FCD /* SudokuCellModel.swift */ = {isa = PBXFileReference; lastKnownFileType = sourcecode.swift; path = SudokuCellModel.swift; sourceTree = "<group>"; };
/* End PBXFileReference section */

/* Begin PBXFrameworksBuildPhase section */
		C7091D38239F7AC50024625D /* Frameworks */ = {
			isa = PBXFrameworksBuildPhase;
			buildActionMask = 2147483647;
			files = (
			);
			runOnlyForDeploymentPostprocessing = 0;
		};
/* End PBXFrameworksBuildPhase section */

/* Begin PBXGroup section */
		C7091D32239F7AC50024625D = {
			isa = PBXGroup;
			children = (
				C7091D3D239F7AC50024625D /* Sudoku */,
				C7091D3C239F7AC50024625D /* Products */,
			);
			sourceTree = "<group>";
		};
		C7091D3C239F7AC50024625D /* Products */ = {
			isa = PBXGroup;
			children = (
				C7091D3B239F7AC50024625D /* Sudoku.app */,
			);
			name = Products;
			sourceTree = "<group>";
		};
		C7091D3D239F7AC50024625D /* Sudoku */ = {
			isa = PBXGroup;
			children = (
				C7091D3E239F7AC50024625D /* AppDelegate.swift */,
				C7091D40239F7AC50024625D /* SceneDelegate.swift */,
				C7091D57239F94D20024625D /* Constants.swift */,
				C7091D54239F92AC0024625D /* Model */,
				C7091D53239F92900024625D /* View */,
				C7091D52239F92870024625D /* Controller */,
				C7091D47239F7AC70024625D /* Assets.xcassets */,
				C7091D49239F7AC70024625D /* LaunchScreen.storyboard */,
				C7091D4C239F7AC70024625D /* Info.plist */,
			);
			path = Sudoku;
			sourceTree = "<group>";
		};
		C7091D52239F92870024625D /* Controller */ = {
			isa = PBXGroup;
			children = (
				C7091D42239F7AC50024625D /* BoardViewController.swift */,
				C76D1874258EE29600C65571 /* ResultsViewController.swift */,
			);
			path = Controller;
			sourceTree = "<group>";
		};
		C7091D53239F92900024625D /* View */ = {
			isa = PBXGroup;
			children = (
				C7091D44239F7AC50024625D /* Main.storyboard */,
			);
			path = View;
			sourceTree = "<group>";
		};
		C7091D54239F92AC0024625D /* Model */ = {
			isa = PBXGroup;
			children = (
				C7091D55239F92E80024625D /* SudokuGameManager.swift */,
				C7E951BC23A02FEA00096FCD /* SudokuCellModel.swift */,
				C7E951BA23A02CE700096FCD /* SudokuData.swift */,
			);
			path = Model;
			sourceTree = "<group>";
		};
/* End PBXGroup section */

/* Begin PBXNativeTarget section */
		C7091D3A239F7AC50024625D /* Sudoku */ = {
			isa = PBXNativeTarget;
			buildConfigurationList = C7091D4F239F7AC70024625D /* Build configuration list for PBXNativeTarget "Sudoku" */;
			buildPhases = (
				C7091D37239F7AC50024625D /* Sources */,
				C7091D38239F7AC50024625D /* Frameworks */,
				C7091D39239F7AC50024625D /* Resources */,
			);
			buildRules = (
			);
			dependencies = (
			);
			name = Sudoku;
			productName = Sudoku;
			productReference = C7091D3B239F7AC50024625D /* Sudoku.app */;
			productType = "com.apple.product-type.application";
		};
/* End PBXNativeTarget section */

/* Begin PBXProject section */
		C7091D33239F7AC50024625D /* Project object */ = {
			isa = PBXProject;
			attributes = {
				LastSwiftUpdateCheck = 1120;
				LastUpgradeCheck = 1120;
				ORGANIZATIONNAME = "Dennis Vuong";
				TargetAttributes = {
					C7091D3A239F7AC50024625D = {
						CreatedOnToolsVersion = 11.2.1;
					};
				};
			};
			buildConfigurationList = C7091D36239F7AC50024625D /* Build configuration list for PBXProject "Sudoku" */;
			compatibilityVersion = "Xcode 9.3";
			developmentRegion = en;
			hasScannedForEncodings = 0;
			knownRegions = (
				en,
				Base,
			);
			mainGroup = C7091D32239F7AC50024625D;
			productRefGroup = C7091D3C239F7AC50024625D /* Products */;
			projectDirPath = "";
			projectRoot = "";
			targets = (
				C7091D3A239F7AC50024625D /* Sudoku */,
			);
		};
/* End PBXProject section */

/* Begin PBXResourcesBuildPhase section */
		C7091D39239F7AC50024625D /* Resources */ = {
			isa = PBXResourcesBuildPhase;
			buildActionMask = 2147483647;
			files = (
				C7091D4B239F7AC70024625D /* LaunchScreen.storyboard in Resources */,
				C7091D48239F7AC70024625D /* Assets.xcassets in Resources */,
				C7091D46239F7AC50024625D /* Main.storyboard in Resources */,
			);
			runOnlyForDeploymentPostprocessing = 0;
		};
/* End PBXResourcesBuildPhase section */

/* Begin PBXSourcesBuildPhase section */
		C7091D37239F7AC50024625D /* Sources */ = {
			isa = PBXSourcesBuildPhase;
			buildActionMask = 2147483647;
			files = (
				C7E951BB23A02CE700096FCD /* SudokuData.swift in Sources */,
				C7091D58239F94D20024625D /* Constants.swift in Sources */,
				C7091D56239F92E80024625D /* SudokuGameManager.swift in Sources */,
				C7091D43239F7AC50024625D /* BoardViewController.swift in Sources */,
				C7091D3F239F7AC50024625D /* AppDelegate.swift in Sources */,
				C7E951BD23A02FEA00096FCD /* SudokuCellModel.swift in Sources */,
				C7091D41239F7AC50024625D /* SceneDelegate.swift in Sources */,
				C76D1875258EE29700C65571 /* ResultsViewController.swift in Sources */,
			);
			runOnlyForDeploymentPostprocessing = 0;
		};
/* End PBXSourcesBuildPhase section */

/* Begin PBXVariantGroup section */
		C7091D44239F7AC50024625D /* Main.storyboard */ = {
			isa = PBXVariantGroup;
			children = (
				C7091D45239F7AC50024625D /* Base */,
			);
			name = Main.storyboard;
			sourceTree = "<group>";
		};
		C7091D49239F7AC70024625D /* LaunchScreen.storyboard */ = {
			isa = PBXVariantGroup;
			children = (
				C7091D4A239F7AC70024625D /* Base */,
			);
			name = LaunchScreen.storyboard;
			sourceTree = "<group>";
		};
/* End PBXVariantGroup section */

/* Begin XCBuildConfiguration section */
		C7091D4D239F7AC70024625D /* Debug */ = {
			isa = XCBuildConfiguration;
			buildSettings = {
				ALWAYS_SEARCH_USER_PATHS = NO;
				CLANG_ANALYZER_NONNULL = YES;
				CLANG_ANALYZER_NUMBER_OBJECT_CONVERSION = YES_AGGRESSIVE;
				CLANG_CXX_LANGUAGE_STANDARD = "gnu++14";
				CLANG_CXX_LIBRARY = "libc++";
				CLANG_ENABLE_MODULES = YES;
				CLANG_ENABLE_OBJC_ARC = YES;
				CLANG_ENABLE_OBJC_WEAK = YES;
				CLANG_WARN_BLOCK_CAPTURE_AUTORELEASING = YES;
				CLANG_WARN_BOOL_CONVERSION = YES;
				CLANG_WARN_COMMA = YES;
				CLANG_WARN_CONSTANT_CONVERSION = YES;
				CLANG_WARN_DEPRECATED_OBJC_IMPLEMENTATIONS = YES;
				CLANG_WARN_DIRECT_OBJC_ISA_USAGE = YES_ERROR;
				CLANG_WARN_DOCUMENTATION_COMMENTS = YES;
				CLANG_WARN_EMPTY_BODY = YES;
				CLANG_WARN_ENUM_CONVERSION = YES;
				CLANG_WARN_INFINITE_RECURSION = YES;
				CLANG_WARN_INT_CONVERSION = YES;
				CLANG_WARN_NON_LITERAL_NULL_CONVERSION = YES;
				CLANG_WARN_OBJC_IMPLICIT_RETAIN_SELF = YES;
				CLANG_WARN_OBJC_LITERAL_CONVERSION = YES;
				CLANG_WARN_OBJC_ROOT_CLASS = YES_ERROR;
				CLANG_WARN_RANGE_LOOP_ANALYSIS = YES;
				CLANG_WARN_STRICT_PROTOTYPES = YES;
				CLANG_WARN_SUSPICIOUS_MOVE = YES;
				CLANG_WARN_UNGUARDED_AVAILABILITY = YES_AGGRESSIVE;
				CLANG_WARN_UNREACHABLE_CODE = YES;
				CLANG_WARN__DUPLICATE_METHOD_MATCH = YES;
				COPY_PHASE_STRIP = NO;
				DEBUG_INFORMATION_FORMAT = dwarf;
				ENABLE_STRICT_OBJC_MSGSEND = YES;
				ENABLE_TESTABILITY = YES;
				GCC_C_LANGUAGE_STANDARD = gnu11;
				GCC_DYNAMIC_NO_PIC = NO;
				GCC_NO_COMMON_BLOCKS = YES;
				GCC_OPTIMIZATION_LEVEL = 0;
				GCC_PREPROCESSOR_DEFINITIONS = (
					"DEBUG=1",
					"$(inherited)",
				);
				GCC_WARN_64_TO_32_BIT_CONVERSION = YES;
				GCC_WARN_ABOUT_RETURN_TYPE = YES_ERROR;
				GCC_WARN_UNDECLARED_SELECTOR = YES;
				GCC_WARN_UNINITIALIZED_AUTOS = YES_AGGRESSIVE;
				GCC_WARN_UNUSED_FUNCTION = YES;
				GCC_WARN_UNUSED_VARIABLE = YES;
				IPHONEOS_DEPLOYMENT_TARGET = 13.2;
				MTL_ENABLE_DEBUG_INFO = INCLUDE_SOURCE;
				MTL_FAST_MATH = YES;
				ONLY_ACTIVE_ARCH = YES;
				SDKROOT = iphoneos;
				SWIFT_ACTIVE_COMPILATION_CONDITIONS = DEBUG;
				SWIFT_OPTIMIZATION_LEVEL = "-Onone";
			};
			name = Debug;
		};
		C7091D4E239F7AC70024625D /* Release */ = {
			isa = XCBuildConfiguration;
			buildSettings = {
				ALWAYS_SEARCH_USER_PATHS = NO;
				CLANG_ANALYZER_NONNULL = YES;
				CLANG_ANALYZER_NUMBER_OBJECT_CONVERSION = YES_AGGRESSIVE;
				CLANG_CXX_LANGUAGE_STANDARD = "gnu++14";
				CLANG_CXX_LIBRARY = "libc++";
				CLANG_ENABLE_MODULES = YES;
				CLANG_ENABLE_OBJC_ARC = YES;
				CLANG_ENABLE_OBJC_WEAK = YES;
				CLANG_WARN_BLOCK_CAPTURE_AUTORELEASING = YES;
				CLANG_WARN_BOOL_CONVERSION = YES;
				CLANG_WARN_COMMA = YES;
				CLANG_WARN_CONSTANT_CONVERSION = YES;
				CLANG_WARN_DEPRECATED_OBJC_IMPLEMENTATIONS = YES;
				CLANG_WARN_DIRECT_OBJC_ISA_USAGE = YES_ERROR;
				CLANG_WARN_DOCUMENTATION_COMMENTS = YES;
				CLANG_WARN_EMPTY_BODY = YES;
				CLANG_WARN_ENUM_CONVERSION = YES;
				CLANG_WARN_INFINITE_RECURSION = YES;
				CLANG_WARN_INT_CONVERSION = YES;
				CLANG_WARN_NON_LITERAL_NULL_CONVERSION = YES;
				CLANG_WARN_OBJC_IMPLICIT_RETAIN_SELF = YES;
				CLANG_WARN_OBJC_LITERAL_CONVERSION = YES;
				CLANG_WARN_OBJC_ROOT_CLASS = YES_ERROR;
				CLANG_WARN_RANGE_LOOP_ANALYSIS = YES;
				CLANG_WARN_STRICT_PROTOTYPES = YES;
				CLANG_WARN_SUSPICIOUS_MOVE = YES;
				CLANG_WARN_UNGUARDED_AVAILABILITY = YES_AGGRESSIVE;
				CLANG_WARN_UNREACHABLE_CODE = YES;
				CLANG_WARN__DUPLICATE_METHOD_MATCH = YES;
				COPY_PHASE_STRIP = NO;
				DEBUG_INFORMATION_FORMAT = "dwarf-with-dsym";
				ENABLE_NS_ASSERTIONS = NO;
				ENABLE_STRICT_OBJC_MSGSEND = YES;
				GCC_C_LANGUAGE_STANDARD = gnu11;
				GCC_NO_COMMON_BLOCKS = YES;
				GCC_WARN_64_TO_32_BIT_CONVERSION = YES;
				GCC_WARN_ABOUT_RETURN_TYPE = YES_ERROR;
				GCC_WARN_UNDECLARED_SELECTOR = YES;
				GCC_WARN_UNINITIALIZED_AUTOS = YES_AGGRESSIVE;
				GCC_WARN_UNUSED_FUNCTION = YES;
				GCC_WARN_UNUSED_VARIABLE = YES;
				IPHONEOS_DEPLOYMENT_TARGET = 13.2;
				MTL_ENABLE_DEBUG_INFO = NO;
				MTL_FAST_MATH = YES;
				SDKROOT = iphoneos;
				SWIFT_COMPILATION_MODE = wholemodule;
				SWIFT_OPTIMIZATION_LEVEL = "-O";
				VALIDATE_PRODUCT = YES;
			};
			name = Release;
		};
		C7091D50239F7AC70024625D /* Debug */ = {
			isa = XCBuildConfiguration;
			buildSettings = {
				ASSETCATALOG_COMPILER_APPICON_NAME = AppIcon;
				CODE_SIGN_STYLE = Automatic;
				DEVELOPMENT_TEAM = JXNLF8LP9G;
				INFOPLIST_FILE = Sudoku/Info.plist;
				LD_RUNPATH_SEARCH_PATHS = (
					"$(inherited)",
					"@executable_path/Frameworks",
				);
				PRODUCT_BUNDLE_IDENTIFIER = com.dennisvuong.Sudoku;
				PRODUCT_NAME = "$(TARGET_NAME)";
				SWIFT_VERSION = 5.0;
				TARGETED_DEVICE_FAMILY = "1,2";
			};
			name = Debug;
		};
		C7091D51239F7AC70024625D /* Release */ = {
			isa = XCBuildConfiguration;
			buildSettings = {
				ASSETCATALOG_COMPILER_APPICON_NAME = AppIcon;
				CODE_SIGN_STYLE = Automatic;
				DEVELOPMENT_TEAM = JXNLF8LP9G;
				INFOPLIST_FILE = Sudoku/Info.plist;
				LD_RUNPATH_SEARCH_PATHS = (
					"$(inherited)",
					"@executable_path/Frameworks",
				);
				PRODUCT_BUNDLE_IDENTIFIER = com.dennisvuong.Sudoku;
				PRODUCT_NAME = "$(TARGET_NAME)";
				SWIFT_VERSION = 5.0;
				TARGETED_DEVICE_FAMILY = "1,2";
			};
			name = Release;
		};
/* End XCBuildConfiguration section */

/* Begin XCConfigurationList section */
		C7091D36239F7AC50024625D /* Build configuration list for PBXProject "Sudoku" */ = {
			isa = XCConfigurationList;
			buildConfigurations = (
				C7091D4D239F7AC70024625D /* Debug */,
				C7091D4E239F7AC70024625D /* Release */,
			);
			defaultConfigurationIsVisible = 0;
			defaultConfigurationName = Release;
		};
		C7091D4F239F7AC70024625D /* Build configuration list for PBXNativeTarget "Sudoku" */ = {
			isa = XCConfigurationList;
			buildConfigurations = (
				C7091D50239F7AC70024625D /* Debug */,
				C7091D51239F7AC70024625D /* Release */,
			);
			defaultConfigurationIsVisible = 0;
			defaultConfigurationName = Release;
		};
/* End XCConfigurationList section */
	};
	rootObject = C7091D33239F7AC50024625D /* Project object */;
}
